
Microsoft Visual Studio Solution File, Format Version 12.00
# Visual Studio Version 16
VisualStudioVersion = 16.0.32510.428
MinimumVisualStudioVersion = 10.0.40219.1
Project("{FAE04EC0-301F-11D3-BF4B-00C04F79EFBC}") = "BibliotecaAgil", "BibliotecaAgil\BibliotecaAgil.csproj", "{0A5BA534-EEE4-45CF-B2DE-CEB091002870}"
EndProject
Global
	GlobalSection(SolutionConfigurationPlatforms) = preSolution
		Debug|Any CPU = Debug|Any CPU
		Release|Any CPU = Release|Any CPU
	EndGlobalSection
	GlobalSection(ProjectConfigurationPlatforms) = postSolution
		{0A5BA534-EEE4-45CF-B2DE-CEB091002870}.Debug|Any CPU.ActiveCfg = Debug|Any CPU
		{0A5BA534-EEE4-45CF-B2DE-CEB091002870}.Debug|Any CPU.Build.0 = Debug|Any CPU
		{0A5BA534-EEE4-45CF-B2DE-CEB091002870}.Release|Any CPU.ActiveCfg = Release|Any CPU
		{0A5BA534-EEE4-45CF-B2DE-CEB091002870}.Release|Any CPU.Build.0 = Release|Any CPU
	EndGlobalSection
	GlobalSection(SolutionProperties) = preSolution
		HideSolutionNode = FALSE
	EndGlobalSection
	GlobalSection(ExtensibilityGlobals) = postSolution
		SolutionGuid = {6BA1EAFE-0DFD-47DE-8BDF-029CD8A9F899}
	EndGlobalSection
EndGlobal
