
Microsoft Visual Studio Solution File, Format Version 12.00
# Visual Studio Version 16
VisualStudioVersion = 16.0.32510.428
MinimumVisualStudioVersion = 10.0.40219.1
Project("{FAE04EC0-301F-11D3-BF4B-00C04F79EFBC}") = "Accelerator", "Accelerator.csproj", "{AC744FFB-BE6B-4C23-8786-7D9101F2ABA7}"
EndProject
Global
	GlobalSection(SolutionConfigurationPlatforms) = preSolution
		Debug|Any CPU = Debug|Any CPU
		Release|Any CPU = Release|Any CPU
	EndGlobalSection
	GlobalSection(ProjectConfigurationPlatforms) = postSolution
		{AC744FFB-BE6B-4C23-8786-7D9101F2ABA7}.Debug|Any CPU.ActiveCfg = Debug|Any CPU
		{AC744FFB-BE6B-4C23-8786-7D9101F2ABA7}.Debug|Any CPU.Build.0 = Debug|Any CPU
		{AC744FFB-BE6B-4C23-8786-7D9101F2ABA7}.Release|Any CPU.ActiveCfg = Release|Any CPU
		{AC744FFB-BE6B-4C23-8786-7D9101F2ABA7}.Release|Any CPU.Build.0 = Release|Any CPU
	EndGlobalSection
	GlobalSection(SolutionProperties) = preSolution
		HideSolutionNode = FALSE
	EndGlobalSection
	GlobalSection(ExtensibilityGlobals) = postSolution
		SolutionGuid = {59918F47-C275-44AA-82A3-B738498748ED}
	EndGlobalSection
EndGlobal
